{
  "nodes": {
    "flakeNimbleLib": {
      "inputs": {
        "nixpkgs": [
          "nixpkgs"
        ]
      },
      "locked": {
        "lastModified": 1662018438,
        "narHash": "sha256-QtNtU6+LX3Wokxf0zlFwKTFOcn6TeDjKQZ+DA9OYtvM=",
        "owner": "riinr",
        "repo": "nim-flakes-lib",
        "rev": "b1fe8340736e3a85d25c709ac3dfd82a55c03cbf",
        "type": "github"
      },
      "original": {
        "owner": "riinr",
        "ref": "master",
        "repo": "nim-flakes-lib",
        "type": "github"
      }
    },
    "nimga-master": {
      "inputs": {
        "flakeNimbleLib": [
          "flakeNimbleLib"
        ],
        "nixpkgs": [
          "nixpkgs"
        ],
        "src-nimga-master": "src-nimga-master"
      },
      "locked": {
        "dir": "master",
        "lastModified": 1667322486,
        "narHash": "sha256-76nb+Xuw/4m6Lodmlf+DvZU+GXpEMmaB3lFNhOoiX+c=",
        "owner": "nim-nix-pkgs",
        "repo": "nimga",
        "rev": "9e135fb7b9673917c18794cdf2b6a25a8bb5c594",
        "type": "github"
      },
      "original": {
        "dir": "master",
        "owner": "nim-nix-pkgs",
        "ref": "master",
        "repo": "nimga",
        "type": "github"
      }
    },
    "nixpkgs": {
      "locked": {
        "lastModified": 1667199707,
        "narHash": "sha256-I2Js3Y7gUyVSEXPULHlBoRek4Lh85vnevdS6mdvDNLI=",
        "owner": "NixOS",
        "repo": "nixpkgs",
        "rev": "ced197be72099edcfa68ebed8b87af7b04851f45",
        "type": "github"
      },
      "original": {
        "id": "nixpkgs",
        "type": "indirect"
      }
    },
    "root": {
      "inputs": {
        "flakeNimbleLib": "flakeNimbleLib",
        "nimga-master": "nimga-master",
        "nixpkgs": "nixpkgs"
      }
    },
    "src-nimga-master": {
      "flake": false,
      "locked": {
        "lastModified": 1569201712,
        "narHash": "sha256-lVOZnTPxsGXdGajBARz3LNiDuc4dwCXQ8UW9FXFbenw=",
        "owner": "toshikiohnogi",
        "repo": "nimga",
        "rev": "b3721f321bb0c716ecfb7c8d9250452bb2756bb8",
        "type": "github"
      },
      "original": {
        "owner": "toshikiohnogi",
        "ref": "refs/heads/master",
        "repo": "nimga",
        "type": "github"
      }
    }
  },
  "root": "root",
  "version": 7
}
